
Microsoft Visual Studio Solution File, Format Version 12.00
# Visual Studio 15
VisualStudioVersion = 15.0.28307.438
MinimumVisualStudioVersion = 10.0.40219.1
Project("{FAE04EC0-301F-11D3-BF4B-00C04F79EFBC}") = "TD-Client", "TDWebServices-WindowsForms\TD-Client.csproj", "{B5BFD11C-E66C-4DCB-9936-183E8C5C38CE}"
EndProject
Project("{FAE04EC0-301F-11D3-BF4B-00C04F79EFBC}") = "CurrencyConverter", "CurrencyConverter\CurrencyConverter.csproj", "{7950703E-C49D-4D8A-B817-157C29204286}"
EndProject
Project("{FAE04EC0-301F-11D3-BF4B-00C04F79EFBC}") = "TD-Server", "WcfServiceLibrary2\TD-Server.csproj", "{71B120F9-479F-4735-91BE-83E2CE00D171}"
EndProject
Project("{FAE04EC0-301F-11D3-BF4B-00C04F79EFBC}") = "MathsLibrary", "MathsLibrary\MathsLibrary.csproj", "{A1A8AEDA-DD4F-4AB0-9A4F-D6FAAC28FFEC}"
EndProject
Project("{FAE04EC0-301F-11D3-BF4B-00C04F79EFBC}") = "MathsLibraryCLI", "MathsLibraryCLI\MathsLibraryCLI.csproj", "{D4F668B0-71F3-4F36-8EB0-9F0BF149C4D7}"
	ProjectSection(ProjectDependencies) = postProject
		{A1A8AEDA-DD4F-4AB0-9A4F-D6FAAC28FFEC} = {A1A8AEDA-DD4F-4AB0-9A4F-D6FAAC28FFEC}
	EndProjectSection
EndProject
Global
	GlobalSection(SolutionConfigurationPlatforms) = preSolution
		Debug|Any CPU = Debug|Any CPU
		Release|Any CPU = Release|Any CPU
	EndGlobalSection
	GlobalSection(ProjectConfigurationPlatforms) = postSolution
		{B5BFD11C-E66C-4DCB-9936-183E8C5C38CE}.Debug|Any CPU.ActiveCfg = Debug|Any CPU
		{B5BFD11C-E66C-4DCB-9936-183E8C5C38CE}.Release|Any CPU.ActiveCfg = Release|Any CPU
		{B5BFD11C-E66C-4DCB-9936-183E8C5C38CE}.Release|Any CPU.Build.0 = Release|Any CPU
		{7950703E-C49D-4D8A-B817-157C29204286}.Debug|Any CPU.ActiveCfg = Debug|Any CPU
		{7950703E-C49D-4D8A-B817-157C29204286}.Release|Any CPU.ActiveCfg = Release|Any CPU
		{7950703E-C49D-4D8A-B817-157C29204286}.Release|Any CPU.Build.0 = Release|Any CPU
		{71B120F9-479F-4735-91BE-83E2CE00D171}.Debug|Any CPU.ActiveCfg = Debug|Any CPU
		{71B120F9-479F-4735-91BE-83E2CE00D171}.Release|Any CPU.ActiveCfg = Release|Any CPU
		{71B120F9-479F-4735-91BE-83E2CE00D171}.Release|Any CPU.Build.0 = Release|Any CPU
		{A1A8AEDA-DD4F-4AB0-9A4F-D6FAAC28FFEC}.Debug|Any CPU.ActiveCfg = Debug|Any CPU
		{A1A8AEDA-DD4F-4AB0-9A4F-D6FAAC28FFEC}.Debug|Any CPU.Build.0 = Debug|Any CPU
		{A1A8AEDA-DD4F-4AB0-9A4F-D6FAAC28FFEC}.Release|Any CPU.ActiveCfg = Release|Any CPU
		{A1A8AEDA-DD4F-4AB0-9A4F-D6FAAC28FFEC}.Release|Any CPU.Build.0 = Release|Any CPU
		{D4F668B0-71F3-4F36-8EB0-9F0BF149C4D7}.Debug|Any CPU.ActiveCfg = Debug|Any CPU
		{D4F668B0-71F3-4F36-8EB0-9F0BF149C4D7}.Debug|Any CPU.Build.0 = Debug|Any CPU
		{D4F668B0-71F3-4F36-8EB0-9F0BF149C4D7}.Release|Any CPU.ActiveCfg = Release|Any CPU
		{D4F668B0-71F3-4F36-8EB0-9F0BF149C4D7}.Release|Any CPU.Build.0 = Release|Any CPU
	EndGlobalSection
	GlobalSection(SolutionProperties) = preSolution
		HideSolutionNode = FALSE
	EndGlobalSection
	GlobalSection(ExtensibilityGlobals) = postSolution
		SolutionGuid = {9492F17E-80F8-486D-9074-A7608035F38F}
	EndGlobalSection
EndGlobal
